
Microsoft Visual Studio Solution File, Format Version 12.00
# Visual Studio Version 17
VisualStudioVersion = 17.12.35323.107
MinimumVisualStudioVersion = 10.0.40219.1
Project("{FAE04EC0-301F-11D3-BF4B-00C04F79EFBC}") = "CRUDWithRepository", "CRUDWithRepository\CRUDWithRepository.csproj", "{D694DA06-0001-4418-AC17-F7232C677A13}"
EndProject
Global
	GlobalSection(SolutionConfigurationPlatforms) = preSolution
		Debug|Any CPU = Debug|Any CPU
		Release|Any CPU = Release|Any CPU
	EndGlobalSection
	GlobalSection(ProjectConfigurationPlatforms) = postSolution
		{D694DA06-0001-4418-AC17-F7232C677A13}.Debug|Any CPU.ActiveCfg = Debug|Any CPU
		{D694DA06-0001-4418-AC17-F7232C677A13}.Debug|Any CPU.Build.0 = Debug|Any CPU
		{D694DA06-0001-4418-AC17-F7232C677A13}.Release|Any CPU.ActiveCfg = Release|Any CPU
		{D694DA06-0001-4418-AC17-F7232C677A13}.Release|Any CPU.Build.0 = Release|Any CPU
	EndGlobalSection
	GlobalSection(SolutionProperties) = preSolution
		HideSolutionNode = FALSE
	EndGlobalSection
	GlobalSection(ExtensibilityGlobals) = postSolution
		SolutionGuid = {43D5FB20-E410-41CA-A4A8-816019B75BA6}
	EndGlobalSection
EndGlobal
